
Microsoft Visual Studio Solution File, Format Version 12.00
Project("{FAE04EC0-301F-11D3-BF4B-00C04F79EFBC}") = "Overlay", "Overlay\Overlay.csproj", "{3A64C9A3-4A8F-4E8E-9451-EC09507B0528}"
EndProject
Global
	GlobalSection(SolutionConfigurationPlatforms) = preSolution
		Debug|Any CPU = Debug|Any CPU
		Release|Any CPU = Release|Any CPU
	EndGlobalSection
	GlobalSection(ProjectConfigurationPlatforms) = postSolution
		{3A64C9A3-4A8F-4E8E-9451-EC09507B0528}.Debug|Any CPU.ActiveCfg = Debug|Any CPU
		{3A64C9A3-4A8F-4E8E-9451-EC09507B0528}.Debug|Any CPU.Build.0 = Debug|Any CPU
		{3A64C9A3-4A8F-4E8E-9451-EC09507B0528}.Release|Any CPU.ActiveCfg = Release|Any CPU
		{3A64C9A3-4A8F-4E8E-9451-EC09507B0528}.Release|Any CPU.Build.0 = Release|Any CPU
	EndGlobalSection
EndGlobal
